dependencies:
  espressif/esp-dsp:
    component_hash: 619639efc18cfa361a9e423739b9b0ffc14991effc6c027f955c2f2c3bf1754b
    dependencies:
    - name: idf
      require: private
      version: '>=4.2'
    source:
      registry_url: https://components.espressif.com
      type: service
    version: 1.6.0
  espressif/esp-sr:
    component_hash: 48367fe1cbdd9ce658d59562c859ccbdec98c09cbd57902a56108e7843f9a692
    dependencies:
    - name: espressif/esp-dsp
      registry_url: https://components.espressif.com
      require: private
      version: 1.6.0
    - name: idf
      require: private
      version: '>=5.0'
    source:
      registry_url: https://components.espressif.com/
      type: service
    version: 2.0.5
  idf:
    source:
      type: idf
    version: 5.0.8
direct_dependencies:
- espressif/esp-sr
manifest_hash: c13c3b0f72b187bd3f030eeea63985c43a27f2180fd19b3207106f1b30889e2a
target: esp32s3
version: 2.0.0
